
Microsoft Visual Studio Solution File, Format Version 12.00
# Visual Studio Version 16
VisualStudioVersion = 16.0.31321.278
MinimumVisualStudioVersion = 10.0.40219.1
Project("{2150E333-8FDC-42A3-9474-1A3956D46DE8}") = "Domain", "Domain", "{EF02FF4B-C054-46BB-B796-3ED12A3757E3}"
EndProject
Project("{2150E333-8FDC-42A3-9474-1A3956D46DE8}") = "Infra.Bus", "Infra.Bus", "{D8CD245E-18F5-45F2-ADCF-DCD361E45B8B}"
EndProject
Project("{2150E333-8FDC-42A3-9474-1A3956D46DE8}") = "Infra.IoC", "Infra.IoC", "{9B044CDC-B80D-46AA-BB6D-F9F51AE17C1A}"
EndProject
Project("{2150E333-8FDC-42A3-9474-1A3956D46DE8}") = "Microservices", "Microservices", "{7A351FCE-9F6A-47E1-BDB8-034256202197}"
EndProject
Project("{2150E333-8FDC-42A3-9474-1A3956D46DE8}") = "Presentation", "Presentation", "{042F5761-ED7A-4D09-8034-D5943514BA25}"
EndProject
Project("{9A19103F-16F7-4668-BE54-9A1E7A4F7556}") = "MicroRabbit.Domain.Core", "MicroRabbit.Domain.Core\MicroRabbit.Domain.Core.csproj", "{ACF3C899-1FD7-4B0F-86F5-D28184A6F3E5}"
EndProject
Project("{9A19103F-16F7-4668-BE54-9A1E7A4F7556}") = "MicroRabbit.Infra.Bus", "MicroRabbit.Infra.Bus\MicroRabbit.Infra.Bus.csproj", "{B38C1FA5-1AEB-4356-BB30-7A918CF3C5DF}"
EndProject
Project("{FAE04EC0-301F-11D3-BF4B-00C04F79EFBC}") = "MicroRabbit.Infra.IoC", "MicroRabbit.Infra.IoC\MicroRabbit.Infra.IoC.csproj", "{FE270386-A985-4451-848B-208E8DEF3190}"
EndProject
Project("{2150E333-8FDC-42A3-9474-1A3956D46DE8}") = "Banking", "Banking", "{763ED502-894D-432E-AC96-B6873F95AB7C}"
EndProject
Project("{2150E333-8FDC-42A3-9474-1A3956D46DE8}") = "Api", "Api", "{43ABA46B-25EA-470B-8AB1-6104153E6069}"
EndProject
Project("{2150E333-8FDC-42A3-9474-1A3956D46DE8}") = "Application", "Application", "{F8D2B673-F933-427A-8578-8FE0CE28F2E4}"
EndProject
Project("{2150E333-8FDC-42A3-9474-1A3956D46DE8}") = "Data", "Data", "{3ED94E62-51A3-40B1-A452-0176D4CEFB3A}"
EndProject
Project("{2150E333-8FDC-42A3-9474-1A3956D46DE8}") = "Domain", "Domain", "{68C066BD-FD0F-4A16-8DED-A6AC5B5D612D}"
EndProject
Project("{FAE04EC0-301F-11D3-BF4B-00C04F79EFBC}") = "MicroRabbit.Banking.Application", "MicroRabbit.Banking.Application\MicroRabbit.Banking.Application.csproj", "{E9CD3AA1-70F5-4793-B674-1C8578AF6FED}"
EndProject
Project("{FAE04EC0-301F-11D3-BF4B-00C04F79EFBC}") = "MicroRabbit.Banking.Data", "MicroRabbit.Banking.Data\MicroRabbit.Banking.Data.csproj", "{E5A31134-5667-4662-924C-47DD1CEE3D1D}"
EndProject
Project("{FAE04EC0-301F-11D3-BF4B-00C04F79EFBC}") = "MicroRabbit.Banking.Domain", "MicroRabbit.Banking.Domain\MicroRabbit.Banking.Domain.csproj", "{DA733D0D-19C1-401D-8F7E-E1D113DE2884}"
EndProject
Project("{FAE04EC0-301F-11D3-BF4B-00C04F79EFBC}") = "MicroRabbit.Banking.Api", "MicroRabbit.Banking.Api\MicroRabbit.Banking.Api.csproj", "{07FA3FBF-594F-4E7F-AE20-C58DE6EF9B8D}"
EndProject
Global
	GlobalSection(SolutionConfigurationPlatforms) = preSolution
		Debug|Any CPU = Debug|Any CPU
		Release|Any CPU = Release|Any CPU
	EndGlobalSection
	GlobalSection(ProjectConfigurationPlatforms) = postSolution
		{ACF3C899-1FD7-4B0F-86F5-D28184A6F3E5}.Debug|Any CPU.ActiveCfg = Debug|Any CPU
		{ACF3C899-1FD7-4B0F-86F5-D28184A6F3E5}.Debug|Any CPU.Build.0 = Debug|Any CPU
		{ACF3C899-1FD7-4B0F-86F5-D28184A6F3E5}.Release|Any CPU.ActiveCfg = Release|Any CPU
		{ACF3C899-1FD7-4B0F-86F5-D28184A6F3E5}.Release|Any CPU.Build.0 = Release|Any CPU
		{B38C1FA5-1AEB-4356-BB30-7A918CF3C5DF}.Debug|Any CPU.ActiveCfg = Debug|Any CPU
		{B38C1FA5-1AEB-4356-BB30-7A918CF3C5DF}.Debug|Any CPU.Build.0 = Debug|Any CPU
		{B38C1FA5-1AEB-4356-BB30-7A918CF3C5DF}.Release|Any CPU.ActiveCfg = Release|Any CPU
		{B38C1FA5-1AEB-4356-BB30-7A918CF3C5DF}.Release|Any CPU.Build.0 = Release|Any CPU
		{FE270386-A985-4451-848B-208E8DEF3190}.Debug|Any CPU.ActiveCfg = Debug|Any CPU
		{FE270386-A985-4451-848B-208E8DEF3190}.Debug|Any CPU.Build.0 = Debug|Any CPU
		{FE270386-A985-4451-848B-208E8DEF3190}.Release|Any CPU.ActiveCfg = Release|Any CPU
		{FE270386-A985-4451-848B-208E8DEF3190}.Release|Any CPU.Build.0 = Release|Any CPU
		{E9CD3AA1-70F5-4793-B674-1C8578AF6FED}.Debug|Any CPU.ActiveCfg = Debug|Any CPU
		{E9CD3AA1-70F5-4793-B674-1C8578AF6FED}.Debug|Any CPU.Build.0 = Debug|Any CPU
		{E9CD3AA1-70F5-4793-B674-1C8578AF6FED}.Release|Any CPU.ActiveCfg = Release|Any CPU
		{E9CD3AA1-70F5-4793-B674-1C8578AF6FED}.Release|Any CPU.Build.0 = Release|Any CPU
		{E5A31134-5667-4662-924C-47DD1CEE3D1D}.Debug|Any CPU.ActiveCfg = Debug|Any CPU
		{E5A31134-5667-4662-924C-47DD1CEE3D1D}.Debug|Any CPU.Build.0 = Debug|Any CPU
		{E5A31134-5667-4662-924C-47DD1CEE3D1D}.Release|Any CPU.ActiveCfg = Release|Any CPU
		{E5A31134-5667-4662-924C-47DD1CEE3D1D}.Release|Any CPU.Build.0 = Release|Any CPU
		{DA733D0D-19C1-401D-8F7E-E1D113DE2884}.Debug|Any CPU.ActiveCfg = Debug|Any CPU
		{DA733D0D-19C1-401D-8F7E-E1D113DE2884}.Debug|Any CPU.Build.0 = Debug|Any CPU
		{DA733D0D-19C1-401D-8F7E-E1D113DE2884}.Release|Any CPU.ActiveCfg = Release|Any CPU
		{DA733D0D-19C1-401D-8F7E-E1D113DE2884}.Release|Any CPU.Build.0 = Release|Any CPU
		{07FA3FBF-594F-4E7F-AE20-C58DE6EF9B8D}.Debug|Any CPU.ActiveCfg = Debug|Any CPU
		{07FA3FBF-594F-4E7F-AE20-C58DE6EF9B8D}.Debug|Any CPU.Build.0 = Debug|Any CPU
		{07FA3FBF-594F-4E7F-AE20-C58DE6EF9B8D}.Release|Any CPU.ActiveCfg = Release|Any CPU
		{07FA3FBF-594F-4E7F-AE20-C58DE6EF9B8D}.Release|Any CPU.Build.0 = Release|Any CPU
	EndGlobalSection
	GlobalSection(SolutionProperties) = preSolution
		HideSolutionNode = FALSE
	EndGlobalSection
	GlobalSection(NestedProjects) = preSolution
		{ACF3C899-1FD7-4B0F-86F5-D28184A6F3E5} = {EF02FF4B-C054-46BB-B796-3ED12A3757E3}
		{B38C1FA5-1AEB-4356-BB30-7A918CF3C5DF} = {D8CD245E-18F5-45F2-ADCF-DCD361E45B8B}
		{FE270386-A985-4451-848B-208E8DEF3190} = {9B044CDC-B80D-46AA-BB6D-F9F51AE17C1A}
		{763ED502-894D-432E-AC96-B6873F95AB7C} = {7A351FCE-9F6A-47E1-BDB8-034256202197}
		{43ABA46B-25EA-470B-8AB1-6104153E6069} = {763ED502-894D-432E-AC96-B6873F95AB7C}
		{F8D2B673-F933-427A-8578-8FE0CE28F2E4} = {763ED502-894D-432E-AC96-B6873F95AB7C}
		{3ED94E62-51A3-40B1-A452-0176D4CEFB3A} = {763ED502-894D-432E-AC96-B6873F95AB7C}
		{68C066BD-FD0F-4A16-8DED-A6AC5B5D612D} = {763ED502-894D-432E-AC96-B6873F95AB7C}
		{E9CD3AA1-70F5-4793-B674-1C8578AF6FED} = {F8D2B673-F933-427A-8578-8FE0CE28F2E4}
		{E5A31134-5667-4662-924C-47DD1CEE3D1D} = {3ED94E62-51A3-40B1-A452-0176D4CEFB3A}
		{DA733D0D-19C1-401D-8F7E-E1D113DE2884} = {68C066BD-FD0F-4A16-8DED-A6AC5B5D612D}
		{07FA3FBF-594F-4E7F-AE20-C58DE6EF9B8D} = {43ABA46B-25EA-470B-8AB1-6104153E6069}
	EndGlobalSection
	GlobalSection(ExtensibilityGlobals) = postSolution
		SolutionGuid = {CC3B3D84-FE47-4777-80E2-31D690935CDA}
	EndGlobalSection
EndGlobal
