
Microsoft Visual Studio Solution File, Format Version 12.00
# Visual Studio Version 16
VisualStudioVersion = 16.0.31321.278
MinimumVisualStudioVersion = 10.0.40219.1
Project("{2150E333-8FDC-42A3-9474-1A3956D46DE8}") = "Domain", "Domain", "{EF02FF4B-C054-46BB-B796-3ED12A3757E3}"
EndProject
Project("{2150E333-8FDC-42A3-9474-1A3956D46DE8}") = "Infra.Bus", "Infra.Bus", "{D8CD245E-18F5-45F2-ADCF-DCD361E45B8B}"
EndProject
Project("{2150E333-8FDC-42A3-9474-1A3956D46DE8}") = "Infra.IoC", "Infra.IoC", "{9B044CDC-B80D-46AA-BB6D-F9F51AE17C1A}"
EndProject
Project("{2150E333-8FDC-42A3-9474-1A3956D46DE8}") = "Microservices", "Microservices", "{7A351FCE-9F6A-47E1-BDB8-034256202197}"
EndProject
Project("{2150E333-8FDC-42A3-9474-1A3956D46DE8}") = "Presentation", "Presentation", "{042F5761-ED7A-4D09-8034-D5943514BA25}"
EndProject
Project("{9A19103F-16F7-4668-BE54-9A1E7A4F7556}") = "MicroRabbit.Domain.Core", "MicroRabbit.Domain.Core\MicroRabbit.Domain.Core.csproj", "{ACF3C899-1FD7-4B0F-86F5-D28184A6F3E5}"
EndProject
Project("{9A19103F-16F7-4668-BE54-9A1E7A4F7556}") = "MicroRabbit.Infra.Bus", "MicroRabbit.Infra.Bus\MicroRabbit.Infra.Bus.csproj", "{B38C1FA5-1AEB-4356-BB30-7A918CF3C5DF}"
EndProject
Project("{FAE04EC0-301F-11D3-BF4B-00C04F79EFBC}") = "MicroRabbit.Infra.IoC", "MicroRabbit.Infra.IoC\MicroRabbit.Infra.IoC.csproj", "{FE270386-A985-4451-848B-208E8DEF3190}"
EndProject
Global
	GlobalSection(SolutionConfigurationPlatforms) = preSolution
		Debug|Any CPU = Debug|Any CPU
		Release|Any CPU = Release|Any CPU
	EndGlobalSection
	GlobalSection(ProjectConfigurationPlatforms) = postSolution
		{ACF3C899-1FD7-4B0F-86F5-D28184A6F3E5}.Debug|Any CPU.ActiveCfg = Debug|Any CPU
		{ACF3C899-1FD7-4B0F-86F5-D28184A6F3E5}.Debug|Any CPU.Build.0 = Debug|Any CPU
		{ACF3C899-1FD7-4B0F-86F5-D28184A6F3E5}.Release|Any CPU.ActiveCfg = Release|Any CPU
		{ACF3C899-1FD7-4B0F-86F5-D28184A6F3E5}.Release|Any CPU.Build.0 = Release|Any CPU
		{B38C1FA5-1AEB-4356-BB30-7A918CF3C5DF}.Debug|Any CPU.ActiveCfg = Debug|Any CPU
		{B38C1FA5-1AEB-4356-BB30-7A918CF3C5DF}.Debug|Any CPU.Build.0 = Debug|Any CPU
		{B38C1FA5-1AEB-4356-BB30-7A918CF3C5DF}.Release|Any CPU.ActiveCfg = Release|Any CPU
		{B38C1FA5-1AEB-4356-BB30-7A918CF3C5DF}.Release|Any CPU.Build.0 = Release|Any CPU
		{FE270386-A985-4451-848B-208E8DEF3190}.Debug|Any CPU.ActiveCfg = Debug|Any CPU
		{FE270386-A985-4451-848B-208E8DEF3190}.Debug|Any CPU.Build.0 = Debug|Any CPU
		{FE270386-A985-4451-848B-208E8DEF3190}.Release|Any CPU.ActiveCfg = Release|Any CPU
		{FE270386-A985-4451-848B-208E8DEF3190}.Release|Any CPU.Build.0 = Release|Any CPU
	EndGlobalSection
	GlobalSection(SolutionProperties) = preSolution
		HideSolutionNode = FALSE
	EndGlobalSection
	GlobalSection(NestedProjects) = preSolution
		{ACF3C899-1FD7-4B0F-86F5-D28184A6F3E5} = {EF02FF4B-C054-46BB-B796-3ED12A3757E3}
		{B38C1FA5-1AEB-4356-BB30-7A918CF3C5DF} = {D8CD245E-18F5-45F2-ADCF-DCD361E45B8B}
		{FE270386-A985-4451-848B-208E8DEF3190} = {9B044CDC-B80D-46AA-BB6D-F9F51AE17C1A}
	EndGlobalSection
	GlobalSection(ExtensibilityGlobals) = postSolution
		SolutionGuid = {CC3B3D84-FE47-4777-80E2-31D690935CDA}
	EndGlobalSection
EndGlobal
